// !$*UTF8*$!
{
	archiveVersion = 1;
	classes = {
	};
	objectVersion = 56;
	objects = {

/* Begin PBXBuildFile section */
		2DE2B7E72C53D36D005F61B7 /* FinalProjectApp.swift in Sources */ = {isa = PBXBuildFile; fileRef = 2DE2B7E62C53D36D005F61B7 /* FinalProjectApp.swift */; };
		2DE2B7E92C53D36D005F61B7 /* ContentView.swift in Sources */ = {isa = PBXBuildFile; fileRef = 2DE2B7E82C53D36D005F61B7 /* ContentView.swift */; };
		2DE2B7EB2C53D36F005F61B7 /* Assets.xcassets in Resources */ = {isa = PBXBuildFile; fileRef = 2DE2B7EA2C53D36F005F61B7 /* Assets.xcassets */; };
		2DE2B7EE2C53D36F005F61B7 /* Preview Assets.xcassets in Resources */ = {isa = PBXBuildFile; fileRef = 2DE2B7ED2C53D36F005F61B7 /* Preview Assets.xcassets */; };
		2DE2B7F82C53D36F005F61B7 /* FinalProjectTests.swift in Sources */ = {isa = PBXBuildFile; fileRef = 2DE2B7F72C53D36F005F61B7 /* FinalProjectTests.swift */; };
		2DE2B8022C53D36F005F61B7 /* FinalProjectUITests.swift in Sources */ = {isa = PBXBuildFile; fileRef = 2DE2B8012C53D36F005F61B7 /* FinalProjectUITests.swift */; };
		2DE2B8042C53D36F005F61B7 /* FinalProjectUITestsLaunchTests.swift in Sources */ = {isa = PBXBuildFile; fileRef = 2DE2B8032C53D36F005F61B7 /* FinalProjectUITestsLaunchTests.swift */; };
		BD0628ED2C5A765300DA8963 /* Energy.swift in Sources */ = {isa = PBXBuildFile; fileRef = BD0628EC2C5A765300DA8963 /* Energy.swift */; };
		BD0628EF2C5B830C00DA8963 /* fridgePage.swift in Sources */ = {isa = PBXBuildFile; fileRef = BD0628EE2C5B830C00DA8963 /* fridgePage.swift */; };
		BD0628F12C5B835B00DA8963 /* addItemToFridge.swift in Sources */ = {isa = PBXBuildFile; fileRef = BD0628F02C5B835B00DA8963 /* addItemToFridge.swift */; };
		BD0628F32C5B838100DA8963 /* coreDataForFridge.swift in Sources */ = {isa = PBXBuildFile; fileRef = BD0628F22C5B838100DA8963 /* coreDataForFridge.swift */; };
		BD0628F52C5B83AB00DA8963 /* waterPage.swift in Sources */ = {isa = PBXBuildFile; fileRef = BD0628F42C5B83AB00DA8963 /* waterPage.swift */; };
		BDCEF6592C5A84C800A2885D /* QuizPage.swift in Sources */ = {isa = PBXBuildFile; fileRef = BDCEF6582C5A84C800A2885D /* QuizPage.swift */; };
		BDCEF65B2C5A84DA00A2885D /* QuizPage2.swift in Sources */ = {isa = PBXBuildFile; fileRef = BDCEF65A2C5A84DA00A2885D /* QuizPage2.swift */; };
/* End PBXBuildFile section */

/* Begin PBXContainerItemProxy section */
		2DE2B7F42C53D36F005F61B7 /* PBXContainerItemProxy */ = {
			isa = PBXContainerItemProxy;
			containerPortal = 2DE2B7DB2C53D36D005F61B7 /* Project object */;
			proxyType = 1;
			remoteGlobalIDString = 2DE2B7E22C53D36D005F61B7;
			remoteInfo = FinalProject;
		};
		2DE2B7FE2C53D36F005F61B7 /* PBXContainerItemProxy */ = {
			isa = PBXContainerItemProxy;
			containerPortal = 2DE2B7DB2C53D36D005F61B7 /* Project object */;
			proxyType = 1;
			remoteGlobalIDString = 2DE2B7E22C53D36D005F61B7;
			remoteInfo = FinalProject;
		};
/* End PBXContainerItemProxy section */

/* Begin PBXFileReference section */
		2DE2B7E32C53D36D005F61B7 /* FinalProject.app */ = {isa = PBXFileReference; explicitFileType = wrapper.application; includeInIndex = 0; path = FinalProject.app; sourceTree = BUILT_PRODUCTS_DIR; };
		2DE2B7E62C53D36D005F61B7 /* FinalProjectApp.swift */ = {isa = PBXFileReference; lastKnownFileType = sourcecode.swift; path = FinalProjectApp.swift; sourceTree = "<group>"; };
		2DE2B7E82C53D36D005F61B7 /* ContentView.swift */ = {isa = PBXFileReference; lastKnownFileType = sourcecode.swift; path = ContentView.swift; sourceTree = "<group>"; };
		2DE2B7EA2C53D36F005F61B7 /* Assets.xcassets */ = {isa = PBXFileReference; lastKnownFileType = folder.assetcatalog; path = Assets.xcassets; sourceTree = "<group>"; };
		2DE2B7ED2C53D36F005F61B7 /* Preview Assets.xcassets */ = {isa = PBXFileReference; lastKnownFileType = folder.assetcatalog; path = "Preview Assets.xcassets"; sourceTree = "<group>"; };
		2DE2B7F32C53D36F005F61B7 /* FinalProjectTests.xctest */ = {isa = PBXFileReference; explicitFileType = wrapper.cfbundle; includeInIndex = 0; path = FinalProjectTests.xctest; sourceTree = BUILT_PRODUCTS_DIR; };
		2DE2B7F72C53D36F005F61B7 /* FinalProjectTests.swift */ = {isa = PBXFileReference; lastKnownFileType = sourcecode.swift; path = FinalProjectTests.swift; sourceTree = "<group>"; };
		2DE2B7FD2C53D36F005F61B7 /* FinalProjectUITests.xctest */ = {isa = PBXFileReference; explicitFileType = wrapper.cfbundle; includeInIndex = 0; path = FinalProjectUITests.xctest; sourceTree = BUILT_PRODUCTS_DIR; };
		2DE2B8012C53D36F005F61B7 /* FinalProjectUITests.swift */ = {isa = PBXFileReference; lastKnownFileType = sourcecode.swift; path = FinalProjectUITests.swift; sourceTree = "<group>"; };
		2DE2B8032C53D36F005F61B7 /* FinalProjectUITestsLaunchTests.swift */ = {isa = PBXFileReference; lastKnownFileType = sourcecode.swift; path = FinalProjectUITestsLaunchTests.swift; sourceTree = "<group>"; };
		BD0628EC2C5A765300DA8963 /* Energy.swift */ = {isa = PBXFileReference; lastKnownFileType = sourcecode.swift; path = Energy.swift; sourceTree = "<group>"; };
		BD0628EE2C5B830C00DA8963 /* fridgePage.swift */ = {isa = PBXFileReference; lastKnownFileType = sourcecode.swift; path = fridgePage.swift; sourceTree = "<group>"; };
		BD0628F02C5B835B00DA8963 /* addItemToFridge.swift */ = {isa = PBXFileReference; lastKnownFileType = sourcecode.swift; path = addItemToFridge.swift; sourceTree = "<group>"; };
		BD0628F22C5B838100DA8963 /* coreDataForFridge.swift */ = {isa = PBXFileReference; lastKnownFileType = sourcecode.swift; path = coreDataForFridge.swift; sourceTree = "<group>"; };
		BD0628F42C5B83AB00DA8963 /* waterPage.swift */ = {isa = PBXFileReference; lastKnownFileType = sourcecode.swift; path = waterPage.swift; sourceTree = "<group>"; };
		BDCEF6582C5A84C800A2885D /* QuizPage.swift */ = {isa = PBXFileReference; lastKnownFileType = sourcecode.swift; path = QuizPage.swift; sourceTree = "<group>"; };
		BDCEF65A2C5A84DA00A2885D /* QuizPage2.swift */ = {isa = PBXFileReference; lastKnownFileType = sourcecode.swift; path = QuizPage2.swift; sourceTree = "<group>"; };
/* End PBXFileReference section */

/* Begin PBXFrameworksBuildPhase section */
		2DE2B7E02C53D36D005F61B7 /* Frameworks */ = {
			isa = PBXFrameworksBuildPhase;
			buildActionMask = 2147483647;
			files = (
			);
			runOnlyForDeploymentPostprocessing = 0;
		};
		2DE2B7F02C53D36F005F61B7 /* Frameworks */ = {
			isa = PBXFrameworksBuildPhase;
			buildActionMask = 2147483647;
			files = (
			);
			runOnlyForDeploymentPostprocessing = 0;
		};
		2DE2B7FA2C53D36F005F61B7 /* Frameworks */ = {
			isa = PBXFrameworksBuildPhase;
			buildActionMask = 2147483647;
			files = (
			);
			runOnlyForDeploymentPostprocessing = 0;
		};
/* End PBXFrameworksBuildPhase section */

/* Begin PBXGroup section */
		2DE2B7DA2C53D36D005F61B7 = {
			isa = PBXGroup;
			children = (
				2DE2B7E52C53D36D005F61B7 /* FinalProject */,
				2DE2B7F62C53D36F005F61B7 /* FinalProjectTests */,
				2DE2B8002C53D36F005F61B7 /* FinalProjectUITests */,
				2DE2B7E42C53D36D005F61B7 /* Products */,
			);
			sourceTree = "<group>";
		};
		2DE2B7E42C53D36D005F61B7 /* Products */ = {
			isa = PBXGroup;
			children = (
				2DE2B7E32C53D36D005F61B7 /* FinalProject.app */,
				2DE2B7F32C53D36F005F61B7 /* FinalProjectTests.xctest */,
				2DE2B7FD2C53D36F005F61B7 /* FinalProjectUITests.xctest */,
			);
			name = Products;
			sourceTree = "<group>";
		};
		2DE2B7E52C53D36D005F61B7 /* FinalProject */ = {
			isa = PBXGroup;
			children = (
				2DE2B7E62C53D36D005F61B7 /* FinalProjectApp.swift */,
				2DE2B7E82C53D36D005F61B7 /* ContentView.swift */,
				BD0628EC2C5A765300DA8963 /* Energy.swift */,
				BDCEF6582C5A84C800A2885D /* QuizPage.swift */,
				BDCEF65A2C5A84DA00A2885D /* QuizPage2.swift */,
				BD0628EE2C5B830C00DA8963 /* fridgePage.swift */,
				BD0628F02C5B835B00DA8963 /* addItemToFridge.swift */,
				BD0628F22C5B838100DA8963 /* coreDataForFridge.swift */,
				BD0628F42C5B83AB00DA8963 /* waterPage.swift */,
				2DE2B7EA2C53D36F005F61B7 /* Assets.xcassets */,
				2DE2B7EC2C53D36F005F61B7 /* Preview Content */,
			);
			path = FinalProject;
			sourceTree = "<group>";
		};
		2DE2B7EC2C53D36F005F61B7 /* Preview Content */ = {
			isa = PBXGroup;
			children = (
				2DE2B7ED2C53D36F005F61B7 /* Preview Assets.xcassets */,
			);
			path = "Preview Content";
			sourceTree = "<group>";
		};
		2DE2B7F62C53D36F005F61B7 /* FinalProjectTests */ = {
			isa = PBXGroup;
			children = (
				2DE2B7F72C53D36F005F61B7 /* FinalProjectTests.swift */,
			);
			path = FinalProjectTests;
			sourceTree = "<group>";
		};
		2DE2B8002C53D36F005F61B7 /* FinalProjectUITests */ = {
			isa = PBXGroup;
			children = (
				2DE2B8012C53D36F005F61B7 /* FinalProjectUITests.swift */,
				2DE2B8032C53D36F005F61B7 /* FinalProjectUITestsLaunchTests.swift */,
			);
			path = FinalProjectUITests;
			sourceTree = "<group>";
		};
/* End PBXGroup section */

/* Begin PBXNativeTarget section */
		2DE2B7E22C53D36D005F61B7 /* FinalProject */ = {
			isa = PBXNativeTarget;
			buildConfigurationList = 2DE2B8072C53D36F005F61B7 /* Build configuration list for PBXNativeTarget "FinalProject" */;
			buildPhases = (
				2DE2B7DF2C53D36D005F61B7 /* Sources */,
				2DE2B7E02C53D36D005F61B7 /* Frameworks */,
				2DE2B7E12C53D36D005F61B7 /* Resources */,
			);
			buildRules = (
			);
			dependencies = (
			);
			name = FinalProject;
			productName = FinalProject;
			productReference = 2DE2B7E32C53D36D005F61B7 /* FinalProject.app */;
			productType = "com.apple.product-type.application";
		};
		2DE2B7F22C53D36F005F61B7 /* FinalProjectTests */ = {
			isa = PBXNativeTarget;
			buildConfigurationList = 2DE2B80A2C53D36F005F61B7 /* Build configuration list for PBXNativeTarget "FinalProjectTests" */;
			buildPhases = (
				2DE2B7EF2C53D36F005F61B7 /* Sources */,
				2DE2B7F02C53D36F005F61B7 /* Frameworks */,
				2DE2B7F12C53D36F005F61B7 /* Resources */,
			);
			buildRules = (
			);
			dependencies = (
				2DE2B7F52C53D36F005F61B7 /* PBXTargetDependency */,
			);
			name = FinalProjectTests;
			productName = FinalProjectTests;
			productReference = 2DE2B7F32C53D36F005F61B7 /* FinalProjectTests.xctest */;
			productType = "com.apple.product-type.bundle.unit-test";
		};
		2DE2B7FC2C53D36F005F61B7 /* FinalProjectUITests */ = {
			isa = PBXNativeTarget;
			buildConfigurationList = 2DE2B80D2C53D36F005F61B7 /* Build configuration list for PBXNativeTarget "FinalProjectUITests" */;
			buildPhases = (
				2DE2B7F92C53D36F005F61B7 /* Sources */,
				2DE2B7FA2C53D36F005F61B7 /* Frameworks */,
				2DE2B7FB2C53D36F005F61B7 /* Resources */,
			);
			buildRules = (
			);
			dependencies = (
				2DE2B7FF2C53D36F005F61B7 /* PBXTargetDependency */,
			);
			name = FinalProjectUITests;
			productName = FinalProjectUITests;
			productReference = 2DE2B7FD2C53D36F005F61B7 /* FinalProjectUITests.xctest */;
			productType = "com.apple.product-type.bundle.ui-testing";
		};
/* End PBXNativeTarget section */

/* Begin PBXProject section */
		2DE2B7DB2C53D36D005F61B7 /* Project object */ = {
			isa = PBXProject;
			attributes = {
				BuildIndependentTargetsInParallel = 1;
				LastSwiftUpdateCheck = 1540;
				LastUpgradeCheck = 1540;
				TargetAttributes = {
					2DE2B7E22C53D36D005F61B7 = {
						CreatedOnToolsVersion = 15.4;
					};
					2DE2B7F22C53D36F005F61B7 = {
						CreatedOnToolsVersion = 15.4;
						TestTargetID = 2DE2B7E22C53D36D005F61B7;
					};
					2DE2B7FC2C53D36F005F61B7 = {
						CreatedOnToolsVersion = 15.4;
						TestTargetID = 2DE2B7E22C53D36D005F61B7;
					};
				};
			};
			buildConfigurationList = 2DE2B7DE2C53D36D005F61B7 /* Build configuration list for PBXProject "FinalProject" */;
			compatibilityVersion = "Xcode 14.0";
			developmentRegion = en;
			hasScannedForEncodings = 0;
			knownRegions = (
				en,
				Base,
			);
			mainGroup = 2DE2B7DA2C53D36D005F61B7;
			productRefGroup = 2DE2B7E42C53D36D005F61B7 /* Products */;
			projectDirPath = "";
			projectRoot = "";
			targets = (
				2DE2B7E22C53D36D005F61B7 /* FinalProject */,
				2DE2B7F22C53D36F005F61B7 /* FinalProjectTests */,
				2DE2B7FC2C53D36F005F61B7 /* FinalProjectUITests */,
			);
		};
/* End PBXProject section */

/* Begin PBXResourcesBuildPhase section */
		2DE2B7E12C53D36D005F61B7 /* Resources */ = {
			isa = PBXResourcesBuildPhase;
			buildActionMask = 2147483647;
			files = (
				2DE2B7EE2C53D36F005F61B7 /* Preview Assets.xcassets in Resources */,
				2DE2B7EB2C53D36F005F61B7 /* Assets.xcassets in Resources */,
			);
			runOnlyForDeploymentPostprocessing = 0;
		};
		2DE2B7F12C53D36F005F61B7 /* Resources */ = {
			isa = PBXResourcesBuildPhase;
			buildActionMask = 2147483647;
			files = (
			);
			runOnlyForDeploymentPostprocessing = 0;
		};
		2DE2B7FB2C53D36F005F61B7 /* Resources */ = {
			isa = PBXResourcesBuildPhase;
			buildActionMask = 2147483647;
			files = (
			);
			runOnlyForDeploymentPostprocessing = 0;
		};
/* End PBXResourcesBuildPhase section */

/* Begin PBXSourcesBuildPhase section */
		2DE2B7DF2C53D36D005F61B7 /* Sources */ = {
			isa = PBXSourcesBuildPhase;
			buildActionMask = 2147483647;
			files = (
				2DE2B7E92C53D36D005F61B7 /* ContentView.swift in Sources */,
				BD0628ED2C5A765300DA8963 /* Energy.swift in Sources */,
				BDCEF65B2C5A84DA00A2885D /* QuizPage2.swift in Sources */,
				2DE2B7E72C53D36D005F61B7 /* FinalProjectApp.swift in Sources */,
				BDCEF6592C5A84C800A2885D /* QuizPage.swift in Sources */,
				BD0628F52C5B83AB00DA8963 /* waterPage.swift in Sources */,
				BD0628F32C5B838100DA8963 /* coreDataForFridge.swift in Sources */,
				BD0628EF2C5B830C00DA8963 /* fridgePage.swift in Sources */,
				BD0628F12C5B835B00DA8963 /* addItemToFridge.swift in Sources */,
			);
			runOnlyForDeploymentPostprocessing = 0;
		};
		2DE2B7EF2C53D36F005F61B7 /* Sources */ = {
			isa = PBXSourcesBuildPhase;
			buildActionMask = 2147483647;
			files = (
				2DE2B7F82C53D36F005F61B7 /* FinalProjectTests.swift in Sources */,
			);
			runOnlyForDeploymentPostprocessing = 0;
		};
		2DE2B7F92C53D36F005F61B7 /* Sources */ = {
			isa = PBXSourcesBuildPhase;
			buildActionMask = 2147483647;
			files = (
				2DE2B8022C53D36F005F61B7 /* FinalProjectUITests.swift in Sources */,
				2DE2B8042C53D36F005F61B7 /* FinalProjectUITestsLaunchTests.swift in Sources */,
			);
			runOnlyForDeploymentPostprocessing = 0;
		};
/* End PBXSourcesBuildPhase section */

/* Begin PBXTargetDependency section */
		2DE2B7F52C53D36F005F61B7 /* PBXTargetDependency */ = {
			isa = PBXTargetDependency;
			target = 2DE2B7E22C53D36D005F61B7 /* FinalProject */;
			targetProxy = 2DE2B7F42C53D36F005F61B7 /* PBXContainerItemProxy */;
		};
		2DE2B7FF2C53D36F005F61B7 /* PBXTargetDependency */ = {
			isa = PBXTargetDependency;
			target = 2DE2B7E22C53D36D005F61B7 /* FinalProject */;
			targetProxy = 2DE2B7FE2C53D36F005F61B7 /* PBXContainerItemProxy */;
		};
/* End PBXTargetDependency section */

/* Begin XCBuildConfiguration section */
		2DE2B8052C53D36F005F61B7 /* Debug */ = {
			isa = XCBuildConfiguration;
			buildSettings = {
				ALWAYS_SEARCH_USER_PATHS = NO;
				ASSETCATALOG_COMPILER_GENERATE_SWIFT_ASSET_SYMBOL_EXTENSIONS = YES;
				CLANG_ANALYZER_NONNULL = YES;
				CLANG_ANALYZER_NUMBER_OBJECT_CONVERSION = YES_AGGRESSIVE;
				CLANG_CXX_LANGUAGE_STANDARD = "gnu++20";
				CLANG_ENABLE_MODULES = YES;
				CLANG_ENABLE_OBJC_ARC = YES;
				CLANG_ENABLE_OBJC_WEAK = YES;
				CLANG_WARN_BLOCK_CAPTURE_AUTORELEASING = YES;
				CLANG_WARN_BOOL_CONVERSION = YES;
				CLANG_WARN_COMMA = YES;
				CLANG_WARN_CONSTANT_CONVERSION = YES;
				CLANG_WARN_DEPRECATED_OBJC_IMPLEMENTATIONS = YES;
				CLANG_WARN_DIRECT_OBJC_ISA_USAGE = YES_ERROR;
				CLANG_WARN_DOCUMENTATION_COMMENTS = YES;
				CLANG_WARN_EMPTY_BODY = YES;
				CLANG_WARN_ENUM_CONVERSION = YES;
				CLANG_WARN_INFINITE_RECURSION = YES;
				CLANG_WARN_INT_CONVERSION = YES;
				CLANG_WARN_NON_LITERAL_NULL_CONVERSION = YES;
				CLANG_WARN_OBJC_IMPLICIT_RETAIN_SELF = YES;
				CLANG_WARN_OBJC_LITERAL_CONVERSION = YES;
				CLANG_WARN_OBJC_ROOT_CLASS = YES_ERROR;
				CLANG_WARN_QUOTED_INCLUDE_IN_FRAMEWORK_HEADER = YES;
				CLANG_WARN_RANGE_LOOP_ANALYSIS = YES;
				CLANG_WARN_STRICT_PROTOTYPES = YES;
				CLANG_WARN_SUSPICIOUS_MOVE = YES;
				CLANG_WARN_UNGUARDED_AVAILABILITY = YES_AGGRESSIVE;
				CLANG_WARN_UNREACHABLE_CODE = YES;
				CLANG_WARN__DUPLICATE_METHOD_MATCH = YES;
				COPY_PHASE_STRIP = NO;
				DEBUG_INFORMATION_FORMAT = dwarf;
				ENABLE_STRICT_OBJC_MSGSEND = YES;
				ENABLE_TESTABILITY = YES;
				ENABLE_USER_SCRIPT_SANDBOXING = YES;
				GCC_C_LANGUAGE_STANDARD = gnu17;
				GCC_DYNAMIC_NO_PIC = NO;
				GCC_NO_COMMON_BLOCKS = YES;
				GCC_OPTIMIZATION_LEVEL = 0;
				GCC_PREPROCESSOR_DEFINITIONS = (
					"DEBUG=1",
					"$(inherited)",
				);
				GCC_WARN_64_TO_32_BIT_CONVERSION = YES;
				GCC_WARN_ABOUT_RETURN_TYPE = YES_ERROR;
				GCC_WARN_UNDECLARED_SELECTOR = YES;
				GCC_WARN_UNINITIALIZED_AUTOS = YES_AGGRESSIVE;
				GCC_WARN_UNUSED_FUNCTION = YES;
				GCC_WARN_UNUSED_VARIABLE = YES;
				IPHONEOS_DEPLOYMENT_TARGET = 17.5;
				LOCALIZATION_PREFERS_STRING_CATALOGS = YES;
				MTL_ENABLE_DEBUG_INFO = INCLUDE_SOURCE;
				MTL_FAST_MATH = YES;
				ONLY_ACTIVE_ARCH = YES;
				SDKROOT = iphoneos;
				SWIFT_ACTIVE_COMPILATION_CONDITIONS = "DEBUG $(inherited)";
				SWIFT_OPTIMIZATION_LEVEL = "-Onone";
			};
			name = Debug;
		};
		2DE2B8062C53D36F005F61B7 /* Release */ = {
			isa = XCBuildConfiguration;
			buildSettings = {
				ALWAYS_SEARCH_USER_PATHS = NO;
				ASSETCATALOG_COMPILER_GENERATE_SWIFT_ASSET_SYMBOL_EXTENSIONS = YES;
				CLANG_ANALYZER_NONNULL = YES;
				CLANG_ANALYZER_NUMBER_OBJECT_CONVERSION = YES_AGGRESSIVE;
				CLANG_CXX_LANGUAGE_STANDARD = "gnu++20";
				CLANG_ENABLE_MODULES = YES;
				CLANG_ENABLE_OBJC_ARC = YES;
				CLANG_ENABLE_OBJC_WEAK = YES;
				CLANG_WARN_BLOCK_CAPTURE_AUTORELEASING = YES;
				CLANG_WARN_BOOL_CONVERSION = YES;
				CLANG_WARN_COMMA = YES;
				CLANG_WARN_CONSTANT_CONVERSION = YES;
				CLANG_WARN_DEPRECATED_OBJC_IMPLEMENTATIONS = YES;
				CLANG_WARN_DIRECT_OBJC_ISA_USAGE = YES_ERROR;
				CLANG_WARN_DOCUMENTATION_COMMENTS = YES;
				CLANG_WARN_EMPTY_BODY = YES;
				CLANG_WARN_ENUM_CONVERSION = YES;
				CLANG_WARN_INFINITE_RECURSION = YES;
				CLANG_WARN_INT_CONVERSION = YES;
				CLANG_WARN_NON_LITERAL_NULL_CONVERSION = YES;
				CLANG_WARN_OBJC_IMPLICIT_RETAIN_SELF = YES;
				CLANG_WARN_OBJC_LITERAL_CONVERSION = YES;
				CLANG_WARN_OBJC_ROOT_CLASS = YES_ERROR;
				CLANG_WARN_QUOTED_INCLUDE_IN_FRAMEWORK_HEADER = YES;
				CLANG_WARN_RANGE_LOOP_ANALYSIS = YES;
				CLANG_WARN_STRICT_PROTOTYPES = YES;
				CLANG_WARN_SUSPICIOUS_MOVE = YES;
				CLANG_WARN_UNGUARDED_AVAILABILITY = YES_AGGRESSIVE;
				CLANG_WARN_UNREACHABLE_CODE = YES;
				CLANG_WARN__DUPLICATE_METHOD_MATCH = YES;
				COPY_PHASE_STRIP = NO;
				DEBUG_INFORMATION_FORMAT = "dwarf-with-dsym";
				ENABLE_NS_ASSERTIONS = NO;
				ENABLE_STRICT_OBJC_MSGSEND = YES;
				ENABLE_USER_SCRIPT_SANDBOXING = YES;
				GCC_C_LANGUAGE_STANDARD = gnu17;
				GCC_NO_COMMON_BLOCKS = YES;
				GCC_WARN_64_TO_32_BIT_CONVERSION = YES;
				GCC_WARN_ABOUT_RETURN_TYPE = YES_ERROR;
				GCC_WARN_UNDECLARED_SELECTOR = YES;
				GCC_WARN_UNINITIALIZED_AUTOS = YES_AGGRESSIVE;
				GCC_WARN_UNUSED_FUNCTION = YES;
				GCC_WARN_UNUSED_VARIABLE = YES;
				IPHONEOS_DEPLOYMENT_TARGET = 17.5;
				LOCALIZATION_PREFERS_STRING_CATALOGS = YES;
				MTL_ENABLE_DEBUG_INFO = NO;
				MTL_FAST_MATH = YES;
				SDKROOT = iphoneos;
				SWIFT_COMPILATION_MODE = wholemodule;
				VALIDATE_PRODUCT = YES;
			};
			name = Release;
		};
		2DE2B8082C53D36F005F61B7 /* Debug */ = {
			isa = XCBuildConfiguration;
			buildSettings = {
				ASSETCATALOG_COMPILER_APPICON_NAME = AppIcon;
				ASSETCATALOG_COMPILER_GLOBAL_ACCENT_COLOR_NAME = AccentColor;
				CODE_SIGN_STYLE = Automatic;
				CURRENT_PROJECT_VERSION = 1;
				DEVELOPMENT_ASSET_PATHS = "\"FinalProject/Preview Content\"";
				ENABLE_PREVIEWS = YES;
				GENERATE_INFOPLIST_FILE = YES;
				INFOPLIST_KEY_UIApplicationSceneManifest_Generation = YES;
				INFOPLIST_KEY_UIApplicationSupportsIndirectInputEvents = YES;
				INFOPLIST_KEY_UILaunchScreen_Generation = YES;
				INFOPLIST_KEY_UISupportedInterfaceOrientations_iPad = "UIInterfaceOrientationPortrait UIInterfaceOrientationPortraitUpsideDown UIInterfaceOrientationLandscapeLeft UIInterfaceOrientationLandscapeRight";
				INFOPLIST_KEY_UISupportedInterfaceOrientations_iPhone = "UIInterfaceOrientationPortrait UIInterfaceOrientationLandscapeLeft UIInterfaceOrientationLandscapeRight";
				LD_RUNPATH_SEARCH_PATHS = (
					"$(inherited)",
					"@executable_path/Frameworks",
				);
				MARKETING_VERSION = 1.0;
				PRODUCT_BUNDLE_IDENTIFIER = kwk.FinalProject;
				PRODUCT_NAME = "$(TARGET_NAME)";
				SWIFT_EMIT_LOC_STRINGS = YES;
				SWIFT_VERSION = 5.0;
				TARGETED_DEVICE_FAMILY = "1,2";
			};
			name = Debug;
		};
		2DE2B8092C53D36F005F61B7 /* Release */ = {
			isa = XCBuildConfiguration;
			buildSettings = {
				ASSETCATALOG_COMPILER_APPICON_NAME = AppIcon;
				ASSETCATALOG_COMPILER_GLOBAL_ACCENT_COLOR_NAME = AccentColor;
				CODE_SIGN_STYLE = Automatic;
				CURRENT_PROJECT_VERSION = 1;
				DEVELOPMENT_ASSET_PATHS = "\"FinalProject/Preview Content\"";
				ENABLE_PREVIEWS = YES;
				GENERATE_INFOPLIST_FILE = YES;
				INFOPLIST_KEY_UIApplicationSceneManifest_Generation = YES;
				INFOPLIST_KEY_UIApplicationSupportsIndirectInputEvents = YES;
				INFOPLIST_KEY_UILaunchScreen_Generation = YES;
				INFOPLIST_KEY_UISupportedInterfaceOrientations_iPad = "UIInterfaceOrientationPortrait UIInterfaceOrientationPortraitUpsideDown UIInterfaceOrientationLandscapeLeft UIInterfaceOrientationLandscapeRight";
				INFOPLIST_KEY_UISupportedInterfaceOrientations_iPhone = "UIInterfaceOrientationPortrait UIInterfaceOrientationLandscapeLeft UIInterfaceOrientationLandscapeRight";
				LD_RUNPATH_SEARCH_PATHS = (
					"$(inherited)",
					"@executable_path/Frameworks",
				);
				MARKETING_VERSION = 1.0;
				PRODUCT_BUNDLE_IDENTIFIER = kwk.FinalProject;
				PRODUCT_NAME = "$(TARGET_NAME)";
				SWIFT_EMIT_LOC_STRINGS = YES;
				SWIFT_VERSION = 5.0;
				TARGETED_DEVICE_FAMILY = "1,2";
			};
			name = Release;
		};
		2DE2B80B2C53D36F005F61B7 /* Debug */ = {
			isa = XCBuildConfiguration;
			buildSettings = {
				ALWAYS_EMBED_SWIFT_STANDARD_LIBRARIES = YES;
				BUNDLE_LOADER = "$(TEST_HOST)";
				CODE_SIGN_STYLE = Automatic;
				CURRENT_PROJECT_VERSION = 1;
				GENERATE_INFOPLIST_FILE = YES;
				IPHONEOS_DEPLOYMENT_TARGET = 17.5;
				MARKETING_VERSION = 1.0;
				PRODUCT_BUNDLE_IDENTIFIER = kwk.FinalProjectTests;
				PRODUCT_NAME = "$(TARGET_NAME)";
				SWIFT_EMIT_LOC_STRINGS = NO;
				SWIFT_VERSION = 5.0;
				TARGETED_DEVICE_FAMILY = "1,2";
				TEST_HOST = "$(BUILT_PRODUCTS_DIR)/FinalProject.app/$(BUNDLE_EXECUTABLE_FOLDER_PATH)/FinalProject";
			};
			name = Debug;
		};
		2DE2B80C2C53D36F005F61B7 /* Release */ = {
			isa = XCBuildConfiguration;
			buildSettings = {
				ALWAYS_EMBED_SWIFT_STANDARD_LIBRARIES = YES;
				BUNDLE_LOADER = "$(TEST_HOST)";
				CODE_SIGN_STYLE = Automatic;
				CURRENT_PROJECT_VERSION = 1;
				GENERATE_INFOPLIST_FILE = YES;
				IPHONEOS_DEPLOYMENT_TARGET = 17.5;
				MARKETING_VERSION = 1.0;
				PRODUCT_BUNDLE_IDENTIFIER = kwk.FinalProjectTests;
				PRODUCT_NAME = "$(TARGET_NAME)";
				SWIFT_EMIT_LOC_STRINGS = NO;
				SWIFT_VERSION = 5.0;
				TARGETED_DEVICE_FAMILY = "1,2";
				TEST_HOST = "$(BUILT_PRODUCTS_DIR)/FinalProject.app/$(BUNDLE_EXECUTABLE_FOLDER_PATH)/FinalProject";
			};
			name = Release;
		};
		2DE2B80E2C53D36F005F61B7 /* Debug */ = {
			isa = XCBuildConfiguration;
			buildSettings = {
				ALWAYS_EMBED_SWIFT_STANDARD_LIBRARIES = YES;
				CODE_SIGN_STYLE = Automatic;
				CURRENT_PROJECT_VERSION = 1;
				GENERATE_INFOPLIST_FILE = YES;
				MARKETING_VERSION = 1.0;
				PRODUCT_BUNDLE_IDENTIFIER = kwk.FinalProjectUITests;
				PRODUCT_NAME = "$(TARGET_NAME)";
				SWIFT_EMIT_LOC_STRINGS = NO;
				SWIFT_VERSION = 5.0;
				TARGETED_DEVICE_FAMILY = "1,2";
				TEST_TARGET_NAME = FinalProject;
			};
			name = Debug;
		};
		2DE2B80F2C53D36F005F61B7 /* Release */ = {
			isa = XCBuildConfiguration;
			buildSettings = {
				ALWAYS_EMBED_SWIFT_STANDARD_LIBRARIES = YES;
				CODE_SIGN_STYLE = Automatic;
				CURRENT_PROJECT_VERSION = 1;
				GENERATE_INFOPLIST_FILE = YES;
				MARKETING_VERSION = 1.0;
				PRODUCT_BUNDLE_IDENTIFIER = kwk.FinalProjectUITests;
				PRODUCT_NAME = "$(TARGET_NAME)";
				SWIFT_EMIT_LOC_STRINGS = NO;
				SWIFT_VERSION = 5.0;
				TARGETED_DEVICE_FAMILY = "1,2";
				TEST_TARGET_NAME = FinalProject;
			};
			name = Release;
		};
/* End XCBuildConfiguration section */

/* Begin XCConfigurationList section */
		2DE2B7DE2C53D36D005F61B7 /* Build configuration list for PBXProject "FinalProject" */ = {
			isa = XCConfigurationList;
			buildConfigurations = (
				2DE2B8052C53D36F005F61B7 /* Debug */,
				2DE2B8062C53D36F005F61B7 /* Release */,
			);
			defaultConfigurationIsVisible = 0;
			defaultConfigurationName = Release;
		};
		2DE2B8072C53D36F005F61B7 /* Build configuration list for PBXNativeTarget "FinalProject" */ = {
			isa = XCConfigurationList;
			buildConfigurations = (
				2DE2B8082C53D36F005F61B7 /* Debug */,
				2DE2B8092C53D36F005F61B7 /* Release */,
			);
			defaultConfigurationIsVisible = 0;
			defaultConfigurationName = Release;
		};
		2DE2B80A2C53D36F005F61B7 /* Build configuration list for PBXNativeTarget "FinalProjectTests" */ = {
			isa = XCConfigurationList;
			buildConfigurations = (
				2DE2B80B2C53D36F005F61B7 /* Debug */,
				2DE2B80C2C53D36F005F61B7 /* Release */,
			);
			defaultConfigurationIsVisible = 0;
			defaultConfigurationName = Release;
		};
		2DE2B80D2C53D36F005F61B7 /* Build configuration list for PBXNativeTarget "FinalProjectUITests" */ = {
			isa = XCConfigurationList;
			buildConfigurations = (
				2DE2B80E2C53D36F005F61B7 /* Debug */,
				2DE2B80F2C53D36F005F61B7 /* Release */,
			);
			defaultConfigurationIsVisible = 0;
			defaultConfigurationName = Release;
		};
/* End XCConfigurationList section */
	};
	rootObject = 2DE2B7DB2C53D36D005F61B7 /* Project object */;
}
